{
  "version": 4,
  "terraform_version": "1.1.6",
  "serial": 22,
  "lineage": "11398491-bdeb-f012-20ae-9b489310982c",
  "outputs": {
    "vnet_lista_ips": {
      "value": 1,
      "type": "number"
    }
  },
  "resources": [
    {
      "mode": "managed",
      "type": "azurerm_resource_group",
      "name": "grupo-recurso",
      "provider": "provider[\"registry.terraform.io/hashicorp/azurerm\"]",
      "instances": [
        {
          "index_key": 0,
          "schema_version": 0,
          "attributes": {
            "id": "/subscriptions/ccb5ab73-bcce-448c-a4b7-04801bf09a70/resourceGroups/rg-terraform-modulo-5-0",
            "location": "brazilsouth",
            "name": "rg-terraform-modulo-5-0",
            "tags": {
              "ambiente": "homologacao",
              "autor": "YAN",
              "data": "04 Mar 2022 09:47 UTC",
              "tecnologia": "Terraform Treianmento"
            },
            "timeouts": null
          },
          "sensitive_attributes": [],
          "private": "eyJlMmJmYjczMC1lY2FhLTExZTYtOGY4OC0zNDM2M2JjN2M0YzAiOnsiY3JlYXRlIjo1NDAwMDAwMDAwMDAwLCJkZWxldGUiOjU0MDAwMDAwMDAwMDAsInJlYWQiOjMwMDAwMDAwMDAwMCwidXBkYXRlIjo1NDAwMDAwMDAwMDAwfX0="
        },
        {
          "index_key": 1,
          "schema_version": 0,
          "attributes": {
            "id": "/subscriptions/ccb5ab73-bcce-448c-a4b7-04801bf09a70/resourceGroups/rg-terraform-modulo-5-1",
            "location": "brazilsouth",
            "name": "rg-terraform-modulo-5-1",
            "tags": {
              "ambiente": "homologacao",
              "autor": "YAN",
              "data": "04 Mar 2022 09:47 UTC",
              "tecnologia": "Terraform Treianmento"
            },
            "timeouts": null
          },
          "sensitive_attributes": [],
          "private": "eyJlMmJmYjczMC1lY2FhLTExZTYtOGY4OC0zNDM2M2JjN2M0YzAiOnsiY3JlYXRlIjo1NDAwMDAwMDAwMDAwLCJkZWxldGUiOjU0MDAwMDAwMDAwMDAsInJlYWQiOjMwMDAwMDAwMDAwMCwidXBkYXRlIjo1NDAwMDAwMDAwMDAwfX0="
        }
      ]
    },
    {
      "mode": "managed",
      "type": "azurerm_virtual_network",
      "name": "vnet",
      "provider": "provider[\"registry.terraform.io/hashicorp/azurerm\"]",
      "instances": [
        {
          "schema_version": 0,
          "attributes": {
            "address_space": [
              "10.0.0.0/8"
            ],
            "bgp_community": "",
            "ddos_protection_plan": [],
            "dns_servers": [],
            "flow_timeout_in_minutes": 0,
            "guid": "b77e0d72-bbbc-4b1a-aaac-9a0fdafaf864",
            "id": "/subscriptions/ccb5ab73-bcce-448c-a4b7-04801bf09a70/resourceGroups/rg-terraform-modulo-5-1/providers/Microsoft.Network/virtualNetworks/vnet_treinamento_azure",
            "location": "brazilsouth",
            "name": "vnet_treinamento_azure",
            "resource_group_name": "rg-terraform-modulo-5-1",
            "subnet": [],
            "tags": {},
            "timeouts": null,
            "vm_protection_enabled": false
          },
          "sensitive_attributes": [],
          "private": "eyJlMmJmYjczMC1lY2FhLTExZTYtOGY4OC0zNDM2M2JjN2M0YzAiOnsiY3JlYXRlIjoxODAwMDAwMDAwMDAwLCJkZWxldGUiOjE4MDAwMDAwMDAwMDAsInJlYWQiOjMwMDAwMDAwMDAwMCwidXBkYXRlIjoxODAwMDAwMDAwMDAwfX0="
        }
      ]
    }
  ]
}
